
Microsoft Visual Studio Solution File, Format Version 12.00
# Visual Studio Version 16
VisualStudioVersion = 16.0.29326.143
MinimumVisualStudioVersion = 10.0.40219.1
Project("{9A19103F-16F7-4668-BE54-9A1E7A4F7556}") = "AddressService.AzureFunction", "AddressService\AddressService.AzureFunction\AddressService.AzureFunction.csproj", "{BFEF33E1-68B5-494B-8E9E-76EC98967DF4}"
EndProject
Project("{9A19103F-16F7-4668-BE54-9A1E7A4F7556}") = "AddressService.Core", "AddressService\AddressService.Core\AddressService.Core.csproj", "{CCDE5818-4522-4500-911B-72E0F574051B}"
EndProject
Project("{9A19103F-16F7-4668-BE54-9A1E7A4F7556}") = "AddressService.Handlers", "AddressService\AddressService.Handlers\AddressService.Handlers.csproj", "{A63852FF-B9D2-491C-9DB4-6C4459324051}"
EndProject
Project("{9A19103F-16F7-4668-BE54-9A1E7A4F7556}") = "AddressService.Mappers", "AddressService\AddressService.Mappers\AddressService.Mappers.csproj", "{A0405BF2-8E2B-4596-9E57-B390D86A4331}"
EndProject
Project("{9A19103F-16F7-4668-BE54-9A1E7A4F7556}") = "AddressService.Repo", "AddressService\AddressService.Repo\AddressService.Repo.csproj", "{5A842E46-A872-4843-BAE3-9BF0F867E633}"
EndProject
Project("{FAE04EC0-301F-11D3-BF4B-00C04F79EFBC}") = "AddressService.UnitTests", "AddressService\AddressService.UnitTests\AddressService.UnitTests.csproj", "{2C18306E-748D-42F0-A8E4-1121436C8DE5}"
EndProject
Global
	GlobalSection(SolutionConfigurationPlatforms) = preSolution
		Debug|Any CPU = Debug|Any CPU
		Release|Any CPU = Release|Any CPU
	EndGlobalSection
	GlobalSection(ProjectConfigurationPlatforms) = postSolution
		{BFEF33E1-68B5-494B-8E9E-76EC98967DF4}.Debug|Any CPU.ActiveCfg = Debug|Any CPU
		{BFEF33E1-68B5-494B-8E9E-76EC98967DF4}.Debug|Any CPU.Build.0 = Debug|Any CPU
		{BFEF33E1-68B5-494B-8E9E-76EC98967DF4}.Release|Any CPU.ActiveCfg = Release|Any CPU
		{BFEF33E1-68B5-494B-8E9E-76EC98967DF4}.Release|Any CPU.Build.0 = Release|Any CPU
		{CCDE5818-4522-4500-911B-72E0F574051B}.Debug|Any CPU.ActiveCfg = Debug|Any CPU
		{CCDE5818-4522-4500-911B-72E0F574051B}.Debug|Any CPU.Build.0 = Debug|Any CPU
		{CCDE5818-4522-4500-911B-72E0F574051B}.Release|Any CPU.ActiveCfg = Release|Any CPU
		{CCDE5818-4522-4500-911B-72E0F574051B}.Release|Any CPU.Build.0 = Release|Any CPU
		{A63852FF-B9D2-491C-9DB4-6C4459324051}.Debug|Any CPU.ActiveCfg = Debug|Any CPU
		{A63852FF-B9D2-491C-9DB4-6C4459324051}.Debug|Any CPU.Build.0 = Debug|Any CPU
		{A63852FF-B9D2-491C-9DB4-6C4459324051}.Release|Any CPU.ActiveCfg = Release|Any CPU
		{A63852FF-B9D2-491C-9DB4-6C4459324051}.Release|Any CPU.Build.0 = Release|Any CPU
		{A0405BF2-8E2B-4596-9E57-B390D86A4331}.Debug|Any CPU.ActiveCfg = Debug|Any CPU
		{A0405BF2-8E2B-4596-9E57-B390D86A4331}.Debug|Any CPU.Build.0 = Debug|Any CPU
		{A0405BF2-8E2B-4596-9E57-B390D86A4331}.Release|Any CPU.ActiveCfg = Release|Any CPU
		{A0405BF2-8E2B-4596-9E57-B390D86A4331}.Release|Any CPU.Build.0 = Release|Any CPU
		{5A842E46-A872-4843-BAE3-9BF0F867E633}.Debug|Any CPU.ActiveCfg = Debug|Any CPU
		{5A842E46-A872-4843-BAE3-9BF0F867E633}.Debug|Any CPU.Build.0 = Debug|Any CPU
		{5A842E46-A872-4843-BAE3-9BF0F867E633}.Release|Any CPU.ActiveCfg = Release|Any CPU
		{5A842E46-A872-4843-BAE3-9BF0F867E633}.Release|Any CPU.Build.0 = Release|Any CPU
		{2C18306E-748D-42F0-A8E4-1121436C8DE5}.Debug|Any CPU.ActiveCfg = Debug|Any CPU
		{2C18306E-748D-42F0-A8E4-1121436C8DE5}.Debug|Any CPU.Build.0 = Debug|Any CPU
		{2C18306E-748D-42F0-A8E4-1121436C8DE5}.Release|Any CPU.ActiveCfg = Release|Any CPU
		{2C18306E-748D-42F0-A8E4-1121436C8DE5}.Release|Any CPU.Build.0 = Release|Any CPU
	EndGlobalSection
	GlobalSection(SolutionProperties) = preSolution
		HideSolutionNode = FALSE
	EndGlobalSection
	GlobalSection(ExtensibilityGlobals) = postSolution
		SolutionGuid = {3A29869A-595B-47AA-83FD-DD8684C9A5DE}
	EndGlobalSection
EndGlobal
